// !$*UTF8*$!
{
	archiveVersion = 1;
	classes = {
	};
	objectVersion = 45;
	objects = {

/* Begin PBXAggregateTarget section */
		24416B8111C4CA220047AFDD /* Build & Test */ = {
			isa = PBXAggregateTarget;
			buildConfigurationList = 24416B8A11C4CA520047AFDD /* Build configuration list for PBXAggregateTarget "Build & Test" */;
			buildPhases = (
				24416B8011C4CA220047AFDD /* ShellScript */,
			);
			dependencies = (
				24416B8511C4CA280047AFDD /* PBXTargetDependency */,
			);
			name = "Build & Test";
			productName = "Build & test";
		};
/* End PBXAggregateTarget section */

/* Begin PBXBuildFile section */
		24DD6CF91134B3F500162E58 /* JpCoeInappsettingskitModule.h in Headers */ = {isa = PBXBuildFile; fileRef = 24DD6CF71134B3F500162E58 /* JpCoeInappsettingskitModule.h */; };
		24DD6CFA1134B3F500162E58 /* JpCoeInappsettingskitModule.m in Sources */ = {isa = PBXBuildFile; fileRef = 24DD6CF81134B3F500162E58 /* JpCoeInappsettingskitModule.m */; };
		24DE9E1111C5FE74003F90F6 /* JpCoeInappsettingskitModuleAssets.h in Headers */ = {isa = PBXBuildFile; fileRef = 24DE9E0F11C5FE74003F90F6 /* JpCoeInappsettingskitModuleAssets.h */; };
		24DE9E1211C5FE74003F90F6 /* JpCoeInappsettingskitModuleAssets.mm in Sources */ = {isa = PBXBuildFile; fileRef = 24DE9E1011C5FE74003F90F6 /* JpCoeInappsettingskitModuleAssets.mm */; };
		AA747D9F0F9514B9006C5449 /* JpCoeInappsettingskit_Prefix.pch in Headers */ = {isa = PBXBuildFile; fileRef = AA747D9E0F9514B9006C5449 /* JpCoeInappsettingskit_Prefix.pch */; };
		AACBBE4A0F95108600F1A2B1 /* Foundation.framework in Frameworks */ = {isa = PBXBuildFile; fileRef = AACBBE490F95108600F1A2B1 /* Foundation.framework */; };
		CE112EC217768A6E005D80B5 /* IASKAppSettingsViewController.m in Sources */ = {isa = PBXBuildFile; fileRef = CE1F7CCE1774C20A0056224F /* IASKAppSettingsViewController.m */; };
		CE112EC317768A6E005D80B5 /* IASKAppSettingsWebViewController.m in Sources */ = {isa = PBXBuildFile; fileRef = CE1F7CD01774C20A0056224F /* IASKAppSettingsWebViewController.m */; };
		CE112EC417768A6E005D80B5 /* IASKSpecifierValuesViewController.m in Sources */ = {isa = PBXBuildFile; fileRef = CE1F7CD21774C20A0056224F /* IASKSpecifierValuesViewController.m */; };
		CE112EC517768A6E005D80B5 /* IASKSettingsReader.m in Sources */ = {isa = PBXBuildFile; fileRef = CE1F7CD61774C20A0056224F /* IASKSettingsReader.m */; };
		CE112EC617768A6E005D80B5 /* IASKSettingsStore.m in Sources */ = {isa = PBXBuildFile; fileRef = CE1F7CD81774C20A0056224F /* IASKSettingsStore.m */; };
		CE112EC717768A6E005D80B5 /* IASKSettingsStoreFile.m in Sources */ = {isa = PBXBuildFile; fileRef = CE1F7CDA1774C20A0056224F /* IASKSettingsStoreFile.m */; };
		CE112EC817768A6E005D80B5 /* IASKSettingsStoreUserDefaults.m in Sources */ = {isa = PBXBuildFile; fileRef = CE1F7CDC1774C20A0056224F /* IASKSettingsStoreUserDefaults.m */; };
		CE112EC917768A6E005D80B5 /* IASKSpecifier.m in Sources */ = {isa = PBXBuildFile; fileRef = CE1F7CDE1774C20A0056224F /* IASKSpecifier.m */; };
		CE112ECA17768A6E005D80B5 /* IASKPSSliderSpecifierViewCell.m in Sources */ = {isa = PBXBuildFile; fileRef = CE1F7CE11774C20A0056224F /* IASKPSSliderSpecifierViewCell.m */; };
		CE112ECB17768A6E005D80B5 /* IASKPSTextFieldSpecifierViewCell.m in Sources */ = {isa = PBXBuildFile; fileRef = CE1F7CE31774C20A0056224F /* IASKPSTextFieldSpecifierViewCell.m */; };
		CE112ECC17768A6E005D80B5 /* IASKPSTitleValueSpecifierViewCell.m in Sources */ = {isa = PBXBuildFile; fileRef = CE1F7CE51774C20A0056224F /* IASKPSTitleValueSpecifierViewCell.m */; };
		CE112ECD17768A6E005D80B5 /* IASKSlider.m in Sources */ = {isa = PBXBuildFile; fileRef = CE1F7CE71774C20A0056224F /* IASKSlider.m */; };
		CE112ECE17768A6E005D80B5 /* IASKSwitch.m in Sources */ = {isa = PBXBuildFile; fileRef = CE1F7CE91774C20A0056224F /* IASKSwitch.m */; };
		CE112ECF17768A6E005D80B5 /* IASKTextField.m in Sources */ = {isa = PBXBuildFile; fileRef = CE1F7CEB1774C20A0056224F /* IASKTextField.m */; };
/* End PBXBuildFile section */

/* Begin PBXContainerItemProxy section */
		24416B8411C4CA280047AFDD /* PBXContainerItemProxy */ = {
			isa = PBXContainerItemProxy;
			containerPortal = 0867D690FE84028FC02AAC07 /* Project object */;
			proxyType = 1;
			remoteGlobalIDString = D2AAC07D0554694100DB518D;
			remoteInfo = inappsettingskit;
		};
/* End PBXContainerItemProxy section */

/* Begin PBXFileReference section */
		24DD6CF71134B3F500162E58 /* JpCoeInappsettingskitModule.h */ = {isa = PBXFileReference; fileEncoding = 4; lastKnownFileType = sourcecode.c.h; name = JpCoeInappsettingskitModule.h; path = Classes/JpCoeInappsettingskitModule.h; sourceTree = "<group>"; };
		24DD6CF81134B3F500162E58 /* JpCoeInappsettingskitModule.m */ = {isa = PBXFileReference; fileEncoding = 4; lastKnownFileType = sourcecode.c.objc; name = JpCoeInappsettingskitModule.m; path = Classes/JpCoeInappsettingskitModule.m; sourceTree = "<group>"; };
		24DD6D1B1134B66800162E58 /* titanium.xcconfig */ = {isa = PBXFileReference; fileEncoding = 4; lastKnownFileType = text.xcconfig; path = titanium.xcconfig; sourceTree = "<group>"; };
		24DE9E0F11C5FE74003F90F6 /* JpCoeInappsettingskitModuleAssets.h */ = {isa = PBXFileReference; fileEncoding = 4; lastKnownFileType = sourcecode.c.h; name = JpCoeInappsettingskitModuleAssets.h; path = Classes/JpCoeInappsettingskitModuleAssets.h; sourceTree = "<group>"; };
		24DE9E1011C5FE74003F90F6 /* JpCoeInappsettingskitModuleAssets.mm */ = {isa = PBXFileReference; fileEncoding = 4; lastKnownFileType = sourcecode.cpp.objcpp; name = JpCoeInappsettingskitModuleAssets.mm; path = Classes/JpCoeInappsettingskitModuleAssets.mm; sourceTree = "<group>"; };
		AA747D9E0F9514B9006C5449 /* JpCoeInappsettingskit_Prefix.pch */ = {isa = PBXFileReference; fileEncoding = 4; lastKnownFileType = sourcecode.c.h; path = JpCoeInappsettingskit_Prefix.pch; sourceTree = SOURCE_ROOT; };
		AACBBE490F95108600F1A2B1 /* Foundation.framework */ = {isa = PBXFileReference; lastKnownFileType = wrapper.framework; name = Foundation.framework; path = System/Library/Frameworks/Foundation.framework; sourceTree = SDKROOT; };
		CE1F7CCD1774C20A0056224F /* IASKAppSettingsViewController.h */ = {isa = PBXFileReference; fileEncoding = 4; lastKnownFileType = sourcecode.c.h; path = IASKAppSettingsViewController.h; sourceTree = "<group>"; };
		CE1F7CCE1774C20A0056224F /* IASKAppSettingsViewController.m */ = {isa = PBXFileReference; fileEncoding = 4; lastKnownFileType = sourcecode.c.objc; path = IASKAppSettingsViewController.m; sourceTree = "<group>"; };
		CE1F7CCF1774C20A0056224F /* IASKAppSettingsWebViewController.h */ = {isa = PBXFileReference; fileEncoding = 4; lastKnownFileType = sourcecode.c.h; path = IASKAppSettingsWebViewController.h; sourceTree = "<group>"; };
		CE1F7CD01774C20A0056224F /* IASKAppSettingsWebViewController.m */ = {isa = PBXFileReference; fileEncoding = 4; lastKnownFileType = sourcecode.c.objc; path = IASKAppSettingsWebViewController.m; sourceTree = "<group>"; };
		CE1F7CD11774C20A0056224F /* IASKSpecifierValuesViewController.h */ = {isa = PBXFileReference; fileEncoding = 4; lastKnownFileType = sourcecode.c.h; path = IASKSpecifierValuesViewController.h; sourceTree = "<group>"; };
		CE1F7CD21774C20A0056224F /* IASKSpecifierValuesViewController.m */ = {isa = PBXFileReference; fileEncoding = 4; lastKnownFileType = sourcecode.c.objc; path = IASKSpecifierValuesViewController.m; sourceTree = "<group>"; };
		CE1F7CD31774C20A0056224F /* IASKViewController.h */ = {isa = PBXFileReference; fileEncoding = 4; lastKnownFileType = sourcecode.c.h; path = IASKViewController.h; sourceTree = "<group>"; };
		CE1F7CD51774C20A0056224F /* IASKSettingsReader.h */ = {isa = PBXFileReference; fileEncoding = 4; lastKnownFileType = sourcecode.c.h; path = IASKSettingsReader.h; sourceTree = "<group>"; };
		CE1F7CD61774C20A0056224F /* IASKSettingsReader.m */ = {isa = PBXFileReference; fileEncoding = 4; lastKnownFileType = sourcecode.c.objc; path = IASKSettingsReader.m; sourceTree = "<group>"; };
		CE1F7CD71774C20A0056224F /* IASKSettingsStore.h */ = {isa = PBXFileReference; fileEncoding = 4; lastKnownFileType = sourcecode.c.h; path = IASKSettingsStore.h; sourceTree = "<group>"; };
		CE1F7CD81774C20A0056224F /* IASKSettingsStore.m */ = {isa = PBXFileReference; fileEncoding = 4; lastKnownFileType = sourcecode.c.objc; path = IASKSettingsStore.m; sourceTree = "<group>"; };
		CE1F7CD91774C20A0056224F /* IASKSettingsStoreFile.h */ = {isa = PBXFileReference; fileEncoding = 4; lastKnownFileType = sourcecode.c.h; path = IASKSettingsStoreFile.h; sourceTree = "<group>"; };
		CE1F7CDA1774C20A0056224F /* IASKSettingsStoreFile.m */ = {isa = PBXFileReference; fileEncoding = 4; lastKnownFileType = sourcecode.c.objc; path = IASKSettingsStoreFile.m; sourceTree = "<group>"; };
		CE1F7CDB1774C20A0056224F /* IASKSettingsStoreUserDefaults.h */ = {isa = PBXFileReference; fileEncoding = 4; lastKnownFileType = sourcecode.c.h; path = IASKSettingsStoreUserDefaults.h; sourceTree = "<group>"; };
		CE1F7CDC1774C20A0056224F /* IASKSettingsStoreUserDefaults.m */ = {isa = PBXFileReference; fileEncoding = 4; lastKnownFileType = sourcecode.c.objc; path = IASKSettingsStoreUserDefaults.m; sourceTree = "<group>"; };
		CE1F7CDD1774C20A0056224F /* IASKSpecifier.h */ = {isa = PBXFileReference; fileEncoding = 4; lastKnownFileType = sourcecode.c.h; path = IASKSpecifier.h; sourceTree = "<group>"; };
		CE1F7CDE1774C20A0056224F /* IASKSpecifier.m */ = {isa = PBXFileReference; fileEncoding = 4; lastKnownFileType = sourcecode.c.objc; path = IASKSpecifier.m; sourceTree = "<group>"; };
		CE1F7CE01774C20A0056224F /* IASKPSSliderSpecifierViewCell.h */ = {isa = PBXFileReference; fileEncoding = 4; lastKnownFileType = sourcecode.c.h; path = IASKPSSliderSpecifierViewCell.h; sourceTree = "<group>"; };
		CE1F7CE11774C20A0056224F /* IASKPSSliderSpecifierViewCell.m */ = {isa = PBXFileReference; fileEncoding = 4; lastKnownFileType = sourcecode.c.objc; path = IASKPSSliderSpecifierViewCell.m; sourceTree = "<group>"; };
		CE1F7CE21774C20A0056224F /* IASKPSTextFieldSpecifierViewCell.h */ = {isa = PBXFileReference; fileEncoding = 4; lastKnownFileType = sourcecode.c.h; path = IASKPSTextFieldSpecifierViewCell.h; sourceTree = "<group>"; };
		CE1F7CE31774C20A0056224F /* IASKPSTextFieldSpecifierViewCell.m */ = {isa = PBXFileReference; fileEncoding = 4; lastKnownFileType = sourcecode.c.objc; path = IASKPSTextFieldSpecifierViewCell.m; sourceTree = "<group>"; };
		CE1F7CE41774C20A0056224F /* IASKPSTitleValueSpecifierViewCell.h */ = {isa = PBXFileReference; fileEncoding = 4; lastKnownFileType = sourcecode.c.h; path = IASKPSTitleValueSpecifierViewCell.h; sourceTree = "<group>"; };
		CE1F7CE51774C20A0056224F /* IASKPSTitleValueSpecifierViewCell.m */ = {isa = PBXFileReference; fileEncoding = 4; lastKnownFileType = sourcecode.c.objc; path = IASKPSTitleValueSpecifierViewCell.m; sourceTree = "<group>"; };
		CE1F7CE61774C20A0056224F /* IASKSlider.h */ = {isa = PBXFileReference; fileEncoding = 4; lastKnownFileType = sourcecode.c.h; path = IASKSlider.h; sourceTree = "<group>"; };
		CE1F7CE71774C20A0056224F /* IASKSlider.m */ = {isa = PBXFileReference; fileEncoding = 4; lastKnownFileType = sourcecode.c.objc; path = IASKSlider.m; sourceTree = "<group>"; };
		CE1F7CE81774C20A0056224F /* IASKSwitch.h */ = {isa = PBXFileReference; fileEncoding = 4; lastKnownFileType = sourcecode.c.h; path = IASKSwitch.h; sourceTree = "<group>"; };
		CE1F7CE91774C20A0056224F /* IASKSwitch.m */ = {isa = PBXFileReference; fileEncoding = 4; lastKnownFileType = sourcecode.c.objc; path = IASKSwitch.m; sourceTree = "<group>"; };
		CE1F7CEA1774C20A0056224F /* IASKTextField.h */ = {isa = PBXFileReference; fileEncoding = 4; lastKnownFileType = sourcecode.c.h; path = IASKTextField.h; sourceTree = "<group>"; };
		CE1F7CEB1774C20A0056224F /* IASKTextField.m */ = {isa = PBXFileReference; fileEncoding = 4; lastKnownFileType = sourcecode.c.objc; path = IASKTextField.m; sourceTree = "<group>"; };
		D2AAC07E0554694100DB518D /* libJpCoeInappsettingskit.a */ = {isa = PBXFileReference; explicitFileType = archive.ar; includeInIndex = 0; path = libJpCoeInappsettingskit.a; sourceTree = BUILT_PRODUCTS_DIR; };
/* End PBXFileReference section */

/* Begin PBXFrameworksBuildPhase section */
		D2AAC07C0554694100DB518D /* Frameworks */ = {
			isa = PBXFrameworksBuildPhase;
			buildActionMask = 2147483647;
			files = (
				AACBBE4A0F95108600F1A2B1 /* Foundation.framework in Frameworks */,
			);
			runOnlyForDeploymentPostprocessing = 0;
		};
/* End PBXFrameworksBuildPhase section */

/* Begin PBXGroup section */
		034768DFFF38A50411DB9C8B /* Products */ = {
			isa = PBXGroup;
			children = (
				D2AAC07E0554694100DB518D /* libJpCoeInappsettingskit.a */,
			);
			name = Products;
			sourceTree = "<group>";
		};
		0867D691FE84028FC02AAC07 /* inappsettingskit */ = {
			isa = PBXGroup;
			children = (
				CE1F7CCB1774C20A0056224F /* InAppSettingsKit */,
				08FB77AEFE84172EC02AAC07 /* Classes */,
				32C88DFF0371C24200C91783 /* Other Sources */,
				0867D69AFE84028FC02AAC07 /* Frameworks */,
				034768DFFF38A50411DB9C8B /* Products */,
			);
			name = inappsettingskit;
			sourceTree = "<group>";
		};
		0867D69AFE84028FC02AAC07 /* Frameworks */ = {
			isa = PBXGroup;
			children = (
				AACBBE490F95108600F1A2B1 /* Foundation.framework */,
			);
			name = Frameworks;
			sourceTree = "<group>";
		};
		08FB77AEFE84172EC02AAC07 /* Classes */ = {
			isa = PBXGroup;
			children = (
				24DE9E0F11C5FE74003F90F6 /* JpCoeInappsettingskitModuleAssets.h */,
				24DE9E1011C5FE74003F90F6 /* JpCoeInappsettingskitModuleAssets.mm */,
				24DD6CF71134B3F500162E58 /* JpCoeInappsettingskitModule.h */,
				24DD6CF81134B3F500162E58 /* JpCoeInappsettingskitModule.m */,
			);
			name = Classes;
			sourceTree = "<group>";
		};
		32C88DFF0371C24200C91783 /* Other Sources */ = {
			isa = PBXGroup;
			children = (
				AA747D9E0F9514B9006C5449 /* JpCoeInappsettingskit_Prefix.pch */,
				24DD6D1B1134B66800162E58 /* titanium.xcconfig */,
			);
			name = "Other Sources";
			sourceTree = "<group>";
		};
		CE1F7CCB1774C20A0056224F /* InAppSettingsKit */ = {
			isa = PBXGroup;
			children = (
				CE1F7CCC1774C20A0056224F /* Controllers */,
				CE1F7CD41774C20A0056224F /* Models */,
				CE1F7CDF1774C20A0056224F /* Views */,
			);
			path = InAppSettingsKit;
			sourceTree = "<group>";
		};
		CE1F7CCC1774C20A0056224F /* Controllers */ = {
			isa = PBXGroup;
			children = (
				CE1F7CCD1774C20A0056224F /* IASKAppSettingsViewController.h */,
				CE1F7CCE1774C20A0056224F /* IASKAppSettingsViewController.m */,
				CE1F7CCF1774C20A0056224F /* IASKAppSettingsWebViewController.h */,
				CE1F7CD01774C20A0056224F /* IASKAppSettingsWebViewController.m */,
				CE1F7CD11774C20A0056224F /* IASKSpecifierValuesViewController.h */,
				CE1F7CD21774C20A0056224F /* IASKSpecifierValuesViewController.m */,
				CE1F7CD31774C20A0056224F /* IASKViewController.h */,
			);
			path = Controllers;
			sourceTree = "<group>";
		};
		CE1F7CD41774C20A0056224F /* Models */ = {
			isa = PBXGroup;
			children = (
				CE1F7CD51774C20A0056224F /* IASKSettingsReader.h */,
				CE1F7CD61774C20A0056224F /* IASKSettingsReader.m */,
				CE1F7CD71774C20A0056224F /* IASKSettingsStore.h */,
				CE1F7CD81774C20A0056224F /* IASKSettingsStore.m */,
				CE1F7CD91774C20A0056224F /* IASKSettingsStoreFile.h */,
				CE1F7CDA1774C20A0056224F /* IASKSettingsStoreFile.m */,
				CE1F7CDB1774C20A0056224F /* IASKSettingsStoreUserDefaults.h */,
				CE1F7CDC1774C20A0056224F /* IASKSettingsStoreUserDefaults.m */,
				CE1F7CDD1774C20A0056224F /* IASKSpecifier.h */,
				CE1F7CDE1774C20A0056224F /* IASKSpecifier.m */,
			);
			path = Models;
			sourceTree = "<group>";
		};
		CE1F7CDF1774C20A0056224F /* Views */ = {
			isa = PBXGroup;
			children = (
				CE1F7CE01774C20A0056224F /* IASKPSSliderSpecifierViewCell.h */,
				CE1F7CE11774C20A0056224F /* IASKPSSliderSpecifierViewCell.m */,
				CE1F7CE21774C20A0056224F /* IASKPSTextFieldSpecifierViewCell.h */,
				CE1F7CE31774C20A0056224F /* IASKPSTextFieldSpecifierViewCell.m */,
				CE1F7CE41774C20A0056224F /* IASKPSTitleValueSpecifierViewCell.h */,
				CE1F7CE51774C20A0056224F /* IASKPSTitleValueSpecifierViewCell.m */,
				CE1F7CE61774C20A0056224F /* IASKSlider.h */,
				CE1F7CE71774C20A0056224F /* IASKSlider.m */,
				CE1F7CE81774C20A0056224F /* IASKSwitch.h */,
				CE1F7CE91774C20A0056224F /* IASKSwitch.m */,
				CE1F7CEA1774C20A0056224F /* IASKTextField.h */,
				CE1F7CEB1774C20A0056224F /* IASKTextField.m */,
			);
			path = Views;
			sourceTree = "<group>";
		};
/* End PBXGroup section */

/* Begin PBXHeadersBuildPhase section */
		D2AAC07A0554694100DB518D /* Headers */ = {
			isa = PBXHeadersBuildPhase;
			buildActionMask = 2147483647;
			files = (
				AA747D9F0F9514B9006C5449 /* JpCoeInappsettingskit_Prefix.pch in Headers */,
				24DD6CF91134B3F500162E58 /* JpCoeInappsettingskitModule.h in Headers */,
				24DE9E1111C5FE74003F90F6 /* JpCoeInappsettingskitModuleAssets.h in Headers */,
			);
			runOnlyForDeploymentPostprocessing = 0;
		};
/* End PBXHeadersBuildPhase section */

/* Begin PBXNativeTarget section */
		D2AAC07D0554694100DB518D /* inappsettingskit */ = {
			isa = PBXNativeTarget;
			buildConfigurationList = 1DEB921E08733DC00010E9CD /* Build configuration list for PBXNativeTarget "inappsettingskit" */;
			buildPhases = (
				D2AAC07A0554694100DB518D /* Headers */,
				D2AAC07B0554694100DB518D /* Sources */,
				D2AAC07C0554694100DB518D /* Frameworks */,
			);
			buildRules = (
			);
			dependencies = (
			);
			name = inappsettingskit;
			productName = inappsettingskit;
			productReference = D2AAC07E0554694100DB518D /* libJpCoeInappsettingskit.a */;
			productType = "com.apple.product-type.library.static";
		};
/* End PBXNativeTarget section */

/* Begin PBXProject section */
		0867D690FE84028FC02AAC07 /* Project object */ = {
			isa = PBXProject;
			attributes = {
			};
			buildConfigurationList = 1DEB922208733DC00010E9CD /* Build configuration list for PBXProject "inappsettingskit" */;
			compatibilityVersion = "Xcode 3.1";
			developmentRegion = English;
			hasScannedForEncodings = 1;
			knownRegions = (
				English,
				Japanese,
				French,
				German,
			);
			mainGroup = 0867D691FE84028FC02AAC07 /* inappsettingskit */;
			productRefGroup = 034768DFFF38A50411DB9C8B /* Products */;
			projectDirPath = "";
			projectRoot = "";
			targets = (
				D2AAC07D0554694100DB518D /* inappsettingskit */,
				24416B8111C4CA220047AFDD /* Build & Test */,
			);
		};
/* End PBXProject section */

/* Begin PBXShellScriptBuildPhase section */
		24416B8011C4CA220047AFDD /* ShellScript */ = {
			isa = PBXShellScriptBuildPhase;
			buildActionMask = 2147483647;
			files = (
			);
			inputPaths = (
			);
			outputPaths = (
			);
			runOnlyForDeploymentPostprocessing = 0;
			shellPath = /bin/sh;
			shellScript = "# shell script goes here\n\npython \"${TITANIUM_SDK}/titanium.py\" run --dir=\"${PROJECT_DIR}\"\nexit $?\n";
		};
/* End PBXShellScriptBuildPhase section */

/* Begin PBXSourcesBuildPhase section */
		D2AAC07B0554694100DB518D /* Sources */ = {
			isa = PBXSourcesBuildPhase;
			buildActionMask = 2147483647;
			files = (
				CE112EC217768A6E005D80B5 /* IASKAppSettingsViewController.m in Sources */,
				CE112EC317768A6E005D80B5 /* IASKAppSettingsWebViewController.m in Sources */,
				CE112EC417768A6E005D80B5 /* IASKSpecifierValuesViewController.m in Sources */,
				CE112EC517768A6E005D80B5 /* IASKSettingsReader.m in Sources */,
				CE112EC617768A6E005D80B5 /* IASKSettingsStore.m in Sources */,
				CE112EC717768A6E005D80B5 /* IASKSettingsStoreFile.m in Sources */,
				CE112EC817768A6E005D80B5 /* IASKSettingsStoreUserDefaults.m in Sources */,
				CE112EC917768A6E005D80B5 /* IASKSpecifier.m in Sources */,
				CE112ECA17768A6E005D80B5 /* IASKPSSliderSpecifierViewCell.m in Sources */,
				CE112ECB17768A6E005D80B5 /* IASKPSTextFieldSpecifierViewCell.m in Sources */,
				CE112ECC17768A6E005D80B5 /* IASKPSTitleValueSpecifierViewCell.m in Sources */,
				CE112ECD17768A6E005D80B5 /* IASKSlider.m in Sources */,
				CE112ECE17768A6E005D80B5 /* IASKSwitch.m in Sources */,
				CE112ECF17768A6E005D80B5 /* IASKTextField.m in Sources */,
				24DD6CFA1134B3F500162E58 /* JpCoeInappsettingskitModule.m in Sources */,
				24DE9E1211C5FE74003F90F6 /* JpCoeInappsettingskitModuleAssets.mm in Sources */,
			);
			runOnlyForDeploymentPostprocessing = 0;
		};
/* End PBXSourcesBuildPhase section */

/* Begin PBXTargetDependency section */
		24416B8511C4CA280047AFDD /* PBXTargetDependency */ = {
			isa = PBXTargetDependency;
			target = D2AAC07D0554694100DB518D /* inappsettingskit */;
			targetProxy = 24416B8411C4CA280047AFDD /* PBXContainerItemProxy */;
		};
/* End PBXTargetDependency section */

/* Begin XCBuildConfiguration section */
		1DEB921F08733DC00010E9CD /* Debug */ = {
			isa = XCBuildConfiguration;
			baseConfigurationReference = 24DD6D1B1134B66800162E58 /* titanium.xcconfig */;
			buildSettings = {
				ARCHS = "$(ARCHS_STANDARD)";
				"ARCHS[sdk=iphoneos*]" = (
					armv6,
					armv7,
				);
				"ARCHS[sdk=iphonesimulator*]" = i386;
				CODE_SIGN_IDENTITY = "iPhone Developer";
				"CODE_SIGN_IDENTITY[sdk=iphoneos*]" = "iPhone Developer";
				DSTROOT = /tmp/JpCoeInappsettingskit.dst;
				GCC_C_LANGUAGE_STANDARD = c99;
				GCC_OPTIMIZATION_LEVEL = 0;
				GCC_PRECOMPILE_PREFIX_HEADER = YES;
				GCC_PREFIX_HEADER = JpCoeInappsettingskit_Prefix.pch;
				GCC_PREPROCESSOR_DEFINITIONS = "TI_VERSION=$(TI_VERSION)";
				GCC_TREAT_WARNINGS_AS_ERRORS = NO;
				GCC_VERSION = "";
				GCC_WARN_ABOUT_RETURN_TYPE = NO;
				GCC_WARN_MISSING_PARENTHESES = NO;
				GCC_WARN_SHADOW = NO;
				GCC_WARN_STRICT_SELECTOR_MATCH = NO;
				GCC_WARN_UNUSED_FUNCTION = YES;
				GCC_WARN_UNUSED_PARAMETER = NO;
				GCC_WARN_UNUSED_VALUE = NO;
				GCC_WARN_UNUSED_VARIABLE = NO;
				INSTALL_PATH = /usr/local/lib;
				LIBRARY_SEARCH_PATHS = "";
				OTHER_CFLAGS = (
					"-DDEBUG",
					"-DTI_POST_1_2",
				);
				OTHER_LDFLAGS = "-ObjC";
				PRODUCT_NAME = JpCoeInappsettingskit;
				PROVISIONING_PROFILE = "";
				"PROVISIONING_PROFILE[sdk=iphoneos*]" = "";
				RUN_CLANG_STATIC_ANALYZER = NO;
				SDKROOT = iphoneos;
				USER_HEADER_SEARCH_PATHS = "";
			};
			name = Debug;
		};
		1DEB922008733DC00010E9CD /* Release */ = {
			isa = XCBuildConfiguration;
			baseConfigurationReference = 24DD6D1B1134B66800162E58 /* titanium.xcconfig */;
			buildSettings = {
				ALWAYS_SEARCH_USER_PATHS = NO;
				ARCHS = "$(ARCHS_STANDARD)";
				"ARCHS[sdk=iphoneos*]" = (
					armv6,
					armv7,
				);
				"ARCHS[sdk=iphonesimulator*]" = i386;
				DSTROOT = /tmp/JpCoeInappsettingskit.dst;
				GCC_C_LANGUAGE_STANDARD = c99;
				GCC_MODEL_TUNING = G5;
				GCC_PRECOMPILE_PREFIX_HEADER = YES;
				GCC_PREFIX_HEADER = JpCoeInappsettingskit_Prefix.pch;
				GCC_PREPROCESSOR_DEFINITIONS = "TI_VERSION=$(TI_VERSION)";
				GCC_TREAT_WARNINGS_AS_ERRORS = NO;
				GCC_VERSION = "";
				GCC_WARN_ABOUT_RETURN_TYPE = NO;
				GCC_WARN_MISSING_PARENTHESES = NO;
				GCC_WARN_SHADOW = NO;
				GCC_WARN_STRICT_SELECTOR_MATCH = NO;
				GCC_WARN_UNUSED_FUNCTION = YES;
				GCC_WARN_UNUSED_PARAMETER = NO;
				GCC_WARN_UNUSED_VALUE = NO;
				GCC_WARN_UNUSED_VARIABLE = NO;
				INSTALL_PATH = /usr/local/lib;
				IPHONEOS_DEPLOYMENT_TARGET = 4.0;
				LIBRARY_SEARCH_PATHS = "";
				OTHER_CFLAGS = "-DTI_POST_1_2";
				OTHER_LDFLAGS = "-ObjC";
				PRODUCT_NAME = JpCoeInappsettingskit;
				RUN_CLANG_STATIC_ANALYZER = NO;
				SDKROOT = iphoneos;
				USER_HEADER_SEARCH_PATHS = "";
			};
			name = Release;
		};
		1DEB922308733DC00010E9CD /* Debug */ = {
			isa = XCBuildConfiguration;
			baseConfigurationReference = 24DD6D1B1134B66800162E58 /* titanium.xcconfig */;
			buildSettings = {
				ARCHS = (
					armv6,
					armv7,
				);
				"ARCHS[sdk=iphoneos*]" = (
					armv6,
					armv7,
				);
				"ARCHS[sdk=iphonesimulator*]" = i386;
				CODE_SIGN_IDENTITY = "iPhone Developer";
				"CODE_SIGN_IDENTITY[sdk=iphoneos*]" = "iPhone Developer";
				DSTROOT = /tmp/JpCoeInappsettingskit.dst;
				GCC_C_LANGUAGE_STANDARD = c99;
				GCC_OPTIMIZATION_LEVEL = 0;
				GCC_PRECOMPILE_PREFIX_HEADER = YES;
				GCC_PREFIX_HEADER = JpCoeInappsettingskit_Prefix.pch;
				GCC_PREPROCESSOR_DEFINITIONS = "TI_VERSION=$(TI_VERSION)";
				GCC_TREAT_WARNINGS_AS_ERRORS = NO;
				GCC_VERSION = "";
				GCC_WARN_ABOUT_RETURN_TYPE = NO;
				GCC_WARN_MISSING_PARENTHESES = NO;
				GCC_WARN_SHADOW = NO;
				GCC_WARN_STRICT_SELECTOR_MATCH = NO;
				GCC_WARN_UNUSED_FUNCTION = YES;
				GCC_WARN_UNUSED_PARAMETER = NO;
				GCC_WARN_UNUSED_VALUE = NO;
				GCC_WARN_UNUSED_VARIABLE = NO;
				INSTALL_PATH = /usr/local/lib;
				OTHER_CFLAGS = (
					"-DDEBUG",
					"-DTI_POST_1_2",
				);
				OTHER_LDFLAGS = "-ObjC";
				PRODUCT_NAME = JpCoeInappsettingskit;
				PROVISIONING_PROFILE = "";
				"PROVISIONING_PROFILE[sdk=iphoneos*]" = "";
				RUN_CLANG_STATIC_ANALYZER = NO;
				SDKROOT = iphoneos;
				USER_HEADER_SEARCH_PATHS = "";
			};
			name = Debug;
		};
		1DEB922408733DC00010E9CD /* Release */ = {
			isa = XCBuildConfiguration;
			baseConfigurationReference = 24DD6D1B1134B66800162E58 /* titanium.xcconfig */;
			buildSettings = {
				ALWAYS_SEARCH_USER_PATHS = NO;
				ARCHS = (
					armv6,
					armv7,
				);
				"ARCHS[sdk=iphoneos*]" = (
					armv6,
					armv7,
				);
				"ARCHS[sdk=iphonesimulator*]" = i386;
				DSTROOT = /tmp/JpCoeInappsettingskit.dst;
				GCC_C_LANGUAGE_STANDARD = c99;
				GCC_MODEL_TUNING = G5;
				GCC_PRECOMPILE_PREFIX_HEADER = YES;
				GCC_PREFIX_HEADER = JpCoeInappsettingskit_Prefix.pch;
				GCC_PREPROCESSOR_DEFINITIONS = "TI_VERSION=$(TI_VERSION)";
				GCC_TREAT_WARNINGS_AS_ERRORS = NO;
				GCC_VERSION = "";
				GCC_WARN_ABOUT_RETURN_TYPE = NO;
				GCC_WARN_MISSING_PARENTHESES = NO;
				GCC_WARN_SHADOW = NO;
				GCC_WARN_STRICT_SELECTOR_MATCH = NO;
				GCC_WARN_UNUSED_FUNCTION = YES;
				GCC_WARN_UNUSED_PARAMETER = NO;
				GCC_WARN_UNUSED_VALUE = NO;
				GCC_WARN_UNUSED_VARIABLE = NO;
				INSTALL_PATH = /usr/local/lib;
				IPHONEOS_DEPLOYMENT_TARGET = 4.0;
				OTHER_CFLAGS = "-DTI_POST_1_2";
				OTHER_LDFLAGS = "-ObjC";
				PRODUCT_NAME = JpCoeInappsettingskit;
				RUN_CLANG_STATIC_ANALYZER = NO;
				SDKROOT = iphoneos;
				USER_HEADER_SEARCH_PATHS = "";
			};
			name = Release;
		};
		24416B8211C4CA220047AFDD /* Debug */ = {
			isa = XCBuildConfiguration;
			baseConfigurationReference = 24DD6D1B1134B66800162E58 /* titanium.xcconfig */;
			buildSettings = {
				COPY_PHASE_STRIP = NO;
				GCC_DYNAMIC_NO_PIC = NO;
				GCC_OPTIMIZATION_LEVEL = 0;
				PRODUCT_NAME = "Build & test";
			};
			name = Debug;
		};
		24416B8311C4CA220047AFDD /* Release */ = {
			isa = XCBuildConfiguration;
			baseConfigurationReference = 24DD6D1B1134B66800162E58 /* titanium.xcconfig */;
			buildSettings = {
				COPY_PHASE_STRIP = YES;
				DEBUG_INFORMATION_FORMAT = "dwarf-with-dsym";
				GCC_ENABLE_FIX_AND_CONTINUE = NO;
				PRODUCT_NAME = "Build & test";
				ZERO_LINK = NO;
			};
			name = Release;
		};
/* End XCBuildConfiguration section */

/* Begin XCConfigurationList section */
		1DEB921E08733DC00010E9CD /* Build configuration list for PBXNativeTarget "inappsettingskit" */ = {
			isa = XCConfigurationList;
			buildConfigurations = (
				1DEB921F08733DC00010E9CD /* Debug */,
				1DEB922008733DC00010E9CD /* Release */,
			);
			defaultConfigurationIsVisible = 0;
			defaultConfigurationName = Release;
		};
		1DEB922208733DC00010E9CD /* Build configuration list for PBXProject "inappsettingskit" */ = {
			isa = XCConfigurationList;
			buildConfigurations = (
				1DEB922308733DC00010E9CD /* Debug */,
				1DEB922408733DC00010E9CD /* Release */,
			);
			defaultConfigurationIsVisible = 0;
			defaultConfigurationName = Release;
		};
		24416B8A11C4CA520047AFDD /* Build configuration list for PBXAggregateTarget "Build & Test" */ = {
			isa = XCConfigurationList;
			buildConfigurations = (
				24416B8211C4CA220047AFDD /* Debug */,
				24416B8311C4CA220047AFDD /* Release */,
			);
			defaultConfigurationIsVisible = 0;
			defaultConfigurationName = Release;
		};
/* End XCConfigurationList section */
	};
	rootObject = 0867D690FE84028FC02AAC07 /* Project object */;
}
